
Microsoft Visual Studio Solution File, Format Version 12.00
# Visual Studio 2013
VisualStudioVersion = 12.0.30723.0
MinimumVisualStudioVersion = 10.0.40219.1
Project("{FAE04EC0-301F-11D3-BF4B-00C04F79EFBC}") = "ProjetBDemploi01", "ProjetBDemploi01\ProjetBDemploi01.csproj", "{7E095675-4B85-4E6B-9F6C-B6B4E197A91F}"
EndProject
Project("{FAE04EC0-301F-11D3-BF4B-00C04F79EFBC}") = "UnitTestProject1", "UnitTestProject1\UnitTestProject1.csproj", "{591E7C6C-BE63-4980-9910-868BB6E698E8}"
EndProject
Project("{FAE04EC0-301F-11D3-BF4B-00C04F79EFBC}") = "WPFClient", "..\WPFClient\WPFClient.csproj", "{8A3822D2-71BB-488C-BBFA-C9C75E77F668}"
EndProject
Global
	GlobalSection(SolutionConfigurationPlatforms) = preSolution
		Debug|Any CPU = Debug|Any CPU
		Release|Any CPU = Release|Any CPU
	EndGlobalSection
	GlobalSection(ProjectConfigurationPlatforms) = postSolution
		{7E095675-4B85-4E6B-9F6C-B6B4E197A91F}.Debug|Any CPU.ActiveCfg = Debug|Any CPU
		{7E095675-4B85-4E6B-9F6C-B6B4E197A91F}.Debug|Any CPU.Build.0 = Debug|Any CPU
		{7E095675-4B85-4E6B-9F6C-B6B4E197A91F}.Release|Any CPU.ActiveCfg = Release|Any CPU
		{7E095675-4B85-4E6B-9F6C-B6B4E197A91F}.Release|Any CPU.Build.0 = Release|Any CPU
		{591E7C6C-BE63-4980-9910-868BB6E698E8}.Debug|Any CPU.ActiveCfg = Debug|Any CPU
		{591E7C6C-BE63-4980-9910-868BB6E698E8}.Debug|Any CPU.Build.0 = Debug|Any CPU
		{591E7C6C-BE63-4980-9910-868BB6E698E8}.Release|Any CPU.ActiveCfg = Release|Any CPU
		{591E7C6C-BE63-4980-9910-868BB6E698E8}.Release|Any CPU.Build.0 = Release|Any CPU
		{8A3822D2-71BB-488C-BBFA-C9C75E77F668}.Debug|Any CPU.ActiveCfg = Debug|Any CPU
		{8A3822D2-71BB-488C-BBFA-C9C75E77F668}.Debug|Any CPU.Build.0 = Debug|Any CPU
		{8A3822D2-71BB-488C-BBFA-C9C75E77F668}.Release|Any CPU.ActiveCfg = Release|Any CPU
		{8A3822D2-71BB-488C-BBFA-C9C75E77F668}.Release|Any CPU.Build.0 = Release|Any CPU
	EndGlobalSection
	GlobalSection(SolutionProperties) = preSolution
		HideSolutionNode = FALSE
	EndGlobalSection
EndGlobal
